
Microsoft Visual Studio Solution File, Format Version 12.00
# Visual Studio Version 17
VisualStudioVersion = 17.0.32014.148
MinimumVisualStudioVersion = 10.0.40219.1
Project("{9A19103F-16F7-4668-BE54-9A1E7A4F7556}") = "2.1-HalloC", "HalloC\2.1-HalloC.csproj", "{BD4C3DB5-38CC-4E33-8555-612F43918FD6}"
EndProject
Project("{888888A0-9F3D-457C-B088-3A5042F75D52}") = "2.1-HalloP", "HalloP\2.1-HalloP.pyproj", "{7D0E0298-4CEB-44BA-8A90-C3CA0A4096DC}"
EndProject
Project("{9A19103F-16F7-4668-BE54-9A1E7A4F7556}") = "2.3-GroetC", "GroetC\2.3-GroetC.csproj", "{C78F54D2-94D4-4CC9-8692-C4A036D8CC84}"
EndProject
Project("{888888A0-9F3D-457C-B088-3A5042F75D52}") = "2.3-GroetP", "GroetP\2.3-GroetP.pyproj", "{6830F3A6-5E2E-4B75-9E14-24F7B37F62AE}"
EndProject
Project("{9A19103F-16F7-4668-BE54-9A1E7A4F7556}") = "2.4-BerekenendC", "BerekenendC\2.4-BerekenendC.csproj", "{F792214A-BFF3-4BE4-92E7-9B311C6F6DD4}"
EndProject
Project("{888888A0-9F3D-457C-B088-3A5042F75D52}") = "2.4-BerekenendP", "BerekenendP\2.4-BerekenendP.pyproj", "{7E7B4E33-041F-4814-B85B-CC255F09DDFF}"
EndProject
Project("{9A19103F-16F7-4668-BE54-9A1E7A4F7556}") = "2.6-OppervlakkigC", "OppervlakkigC\2.6-OppervlakkigC.csproj", "{DC172531-BC03-4F4C-8D6C-1F1E53B9F467}"
EndProject
Project("{888888A0-9F3D-457C-B088-3A5042F75D52}") = "2.6-OppervlakkigP", "OppervlakkigP\2.6-OppervlakkigP.pyproj", "{A6344479-04D9-418A-8C6F-B568CDBA165A}"
EndProject
Project("{9A19103F-16F7-4668-BE54-9A1E7A4F7556}") = "3.1-VensterC", "VensterC\3.1-VensterC.csproj", "{F53E98F6-46A3-40A0-947F-030AD13C65EE}"
EndProject
Project("{888888A0-9F3D-457C-B088-3A5042F75D52}") = "3.1-VensterP", "VensterP\3.1-VensterP.pyproj", "{45ECAE3F-65F8-499A-9998-581562C617B7}"
EndProject
Project("{9A19103F-16F7-4668-BE54-9A1E7A4F7556}") = "3.2-OppervlakkigWinC", "OppervlakkigWinC\3.2-OppervlakkigWinC.csproj", "{5420FEC4-3523-4079-AFC7-286A63983D3A}"
EndProject
Project("{888888A0-9F3D-457C-B088-3A5042F75D52}") = "3.2-OppervlakkigWinP", "OppervlakkigWinP\3.2-OppervlakkigWinP.pyproj", "{87934DC3-9BCE-4122-BD31-23B979E77130}"
EndProject
Project("{9A19103F-16F7-4668-BE54-9A1E7A4F7556}") = "3.3-MondriaanC", "MondriaanC\3.3-MondriaanC.csproj", "{3D253475-6B13-4854-9000-F01C5B3DBB19}"
EndProject
Project("{888888A0-9F3D-457C-B088-3A5042F75D52}") = "3.3-MondriaanP", "MondriaanP\3.3-MondriaanP.pyproj", "{881987D4-3C6F-48A9-AEE5-3AE354772D64}"
EndProject
Project("{9A19103F-16F7-4668-BE54-9A1E7A4F7556}") = "3.4-HuizenC", "HuizenC\3.4-HuizenC.csproj", "{0B0F0143-5544-4A2A-8CF4-D2F7E5E14719}"
EndProject
Project("{888888A0-9F3D-457C-B088-3A5042F75D52}") = "3.4-HuizenP", "HuizenP\3.4-HuizenP.pyproj", "{5671ED64-26F5-463B-A118-18959E5AECD0}"
EndProject
Project("{9A19103F-16F7-4668-BE54-9A1E7A4F7556}") = "3.5-SchilderenC", "SchilderenC\3.5-SchilderenC.csproj", "{8AC51D53-98AA-4A7F-9E52-BB65BA16B6A8}"
EndProject
Project("{888888A0-9F3D-457C-B088-3A5042F75D52}") = "3.5-SchilderenP", "SchilderenP\3.5-SchilderenP.pyproj", "{43EE6D6B-746E-476A-AA88-088E394679D9}"
EndProject
Project("{9A19103F-16F7-4668-BE54-9A1E7A4F7556}") = "3.5-ElastiekC", "ElastiekC\3.5-ElastiekC.csproj", "{9067167C-187B-4CC7-AC5C-A638F1A11581}"
EndProject
Project("{9A19103F-16F7-4668-BE54-9A1E7A4F7556}") = "4.2-RenteC", "RenteC\4.2-RenteC.csproj", "{159BB6F9-8517-4257-89FB-22F99FE4A95E}"
EndProject
Project("{888888A0-9F3D-457C-B088-3A5042F75D52}") = "4.2-RenteP", "RenteP\4.2-RenteP.pyproj", "{3A71B5F0-FEFD-40E9-A0E0-D4F28AB1A4FB}"
EndProject
Project("{9A19103F-16F7-4668-BE54-9A1E7A4F7556}") = "4.3-KleurKubusC", "KleurKubusC\4.3-KleurKubusC.csproj", "{04F350E3-E761-4C81-ADF3-F1765898BE53}"
EndProject
Project("{888888A0-9F3D-457C-B088-3A5042F75D52}") = "4.3-KleurKubusP", "KleurKubusP\4.3-KleurKubusP.pyproj", "{4332614E-FBFC-43C1-B9F3-74A0AB40986D}"
EndProject
Project("{9A19103F-16F7-4668-BE54-9A1E7A4F7556}") = "4.4-CirkelGroeiC", "CirkelGroeiC\4.4-CirkelGroeiC.csproj", "{6A514BE7-B5AB-455C-9664-1D9BB71EDAC0}"
EndProject
Project("{888888A0-9F3D-457C-B088-3A5042F75D52}") = "4.4-CirkelGroeiP", "CirkelGroeiP\4.4-CirkelGroeiP.pyproj", "{CBDDD1AD-5F7F-4293-B237-2F07BBA0E16B}"
EndProject
Project("{9A19103F-16F7-4668-BE54-9A1E7A4F7556}") = "4.5-GeheimC", "GeheimC\4.5-GeheimC.csproj", "{4F146F0D-FB42-4DA0-8CBF-D6C8AB8FAC9D}"
EndProject
Project("{888888A0-9F3D-457C-B088-3A5042F75D52}") = "4.5-GeheimP", "GeheimP\4.5-GeheimP.pyproj", "{F2868354-89AE-4DD9-BE2B-B1AC3E8B09FF}"
EndProject
Project("{9A19103F-16F7-4668-BE54-9A1E7A4F7556}") = "4.5-ThermoC", "ThermoC\4.5-ThermoC.csproj", "{64513A63-8274-480A-94C7-D386610F8EF0}"
EndProject
Project("{888888A0-9F3D-457C-B088-3A5042F75D52}") = "4.5-ThermoP", "ThermoP\4.5-ThermoP.pyproj", "{C5D548D2-8410-4293-8C94-A7E2392E35CF}"
EndProject
Project("{9A19103F-16F7-4668-BE54-9A1E7A4F7556}") = "4.5-ParaboolC", "ParaboolC\4.5-ParaboolC.csproj", "{64026AC2-AEB5-4766-AC27-18CD973676D0}"
EndProject
Project("{888888A0-9F3D-457C-B088-3A5042F75D52}") = "4.5-ParaboolP", "ParaboolP\4.5-ParaboolP.pyproj", "{F5902BC6-96C8-45DF-AD39-87ABF385C562}"
EndProject
Project("{9A19103F-16F7-4668-BE54-9A1E7A4F7556}") = "5.2-CopyDemoC", "CopyDemoC\5.2-CopyDemoC.csproj", "{A8B6EC35-3B4C-4C68-97A1-0DD09BD13A9A}"
EndProject
Project("{9A19103F-16F7-4668-BE54-9A1E7A4F7556}") = "5.3-KleurigC", "KleurigC\5.3-KleurigC.csproj", "{8D892B54-E317-4A18-A809-1019A4ECDB42}"
EndProject
Project("{888888A0-9F3D-457C-B088-3A5042F75D52}") = "5.4-KleurigP", "KleurigP\5.4-KleurigP.pyproj", "{D46202B7-FAB3-4CFE-BE6F-538F3221BD5B}"
EndProject
Project("{9A19103F-16F7-4668-BE54-9A1E7A4F7556}") = "5.5-BolletjeC", "BolletjeC\5.5-BolletjeC.csproj", "{8E085088-FEBE-4A21-B6BC-8BAF44C9B0A4}"
EndProject
Project("{888888A0-9F3D-457C-B088-3A5042F75D52}") = "5.5-BolletjeP", "BolletjeP\5.5-BolletjeP.pyproj", "{82F185E7-74DA-4D59-91C1-A6133D1EE197}"
EndProject
Project("{9A19103F-16F7-4668-BE54-9A1E7A4F7556}") = "5.6-TellerC", "TellerC\5.6-TellerC.csproj", "{5342DCB4-C0C7-418E-926B-200359600E84}"
EndProject
Project("{888888A0-9F3D-457C-B088-3A5042F75D52}") = "5.6-TellerP", "TellerP\5.6-TellerP.pyproj", "{1B85449C-C39C-4B62-A5F9-7F48DA53F906}"
EndProject
Project("{9A19103F-16F7-4668-BE54-9A1E7A4F7556}") = "5.7-SimulatieC", "SimulatieC\5.7-SimulatieC.csproj", "{472D6B4E-59B7-4057-869A-72093C8DFC9B}"
EndProject
Project("{888888A0-9F3D-457C-B088-3A5042F75D52}") = "5.7-SimulatieP", "SimulatieP\5.7-SimulatieP.pyproj", "{F34D6F9F-D3AE-49C7-96C8-6210F8380651}"
EndProject
Project("{9A19103F-16F7-4668-BE54-9A1E7A4F7556}") = "6.1-VervagendC", "VervagendC\6.1-VervagendC.csproj", "{720849C9-2B50-4DB8-ACFA-BE5651BC1164}"
EndProject
Project("{888888A0-9F3D-457C-B088-3A5042F75D52}") = "6.1-VervagendP", "VervagendP\6.1-VervagendP.pyproj", "{DC05AEC5-6983-4825-95F6-DA8A9EB07E69}"
EndProject
Project("{9A19103F-16F7-4668-BE54-9A1E7A4F7556}") = "6.3-LetterTellerC", "LetterTellerC\6.3-LetterTellerC.csproj", "{77F106F3-DC71-4C1A-AD12-61DB2783090E}"
EndProject
Project("{888888A0-9F3D-457C-B088-3A5042F75D52}") = "6.3-LetterTellerP", "LetterTellerP\6.3-LetterTellerP.pyproj", "{C990A50D-8F4A-40C6-9E4D-D7DD061CC22E}"
EndProject
Project("{9A19103F-16F7-4668-BE54-9A1E7A4F7556}") = "6.4-SnelwegC", "SnelwegC\6.4-SnelwegC.csproj", "{E5F3A757-9405-4714-9EE0-657000612F7E}"
EndProject
Project("{888888A0-9F3D-457C-B088-3A5042F75D52}") = "6.4-SnelwegP", "SnelwegP\6.4-SnelwegP.pyproj", "{48070494-6328-4384-849D-1726F741A1F6}"
EndProject
Project("{9A19103F-16F7-4668-BE54-9A1E7A4F7556}") = "7.1-BitmapEditorC", "BitmapEditorC\7.1-BitmapEditorC.csproj", "{EDBF63F3-8B84-4047-AD23-ACB12349EB07}"
EndProject
Project("{888888A0-9F3D-457C-B088-3A5042F75D52}") = "7.1-BitmapEditorP", "BitmapEditorP\7.1-BitmapEditorP.pyproj", "{DA0527C8-621A-4EFA-AF90-D725610A73C0}"
EndProject
Project("{9A19103F-16F7-4668-BE54-9A1E7A4F7556}") = "7.2-CalculatorC", "CalculatorC\7.2-CalculatorC.csproj", "{2A0C1552-9A91-4E79-A63F-141BCB05E11B}"
EndProject
Project("{888888A0-9F3D-457C-B088-3A5042F75D52}") = "7.2-CalculatorP", "CalculatorP\7.2-CalculatorP.pyproj", "{51111EA7-3924-4D94-86E8-9721B183F57F}"
EndProject
Project("{9A19103F-16F7-4668-BE54-9A1E7A4F7556}") = "7.3-TekstEditorC", "TekstEditorC\7.3-TekstEditorC.csproj", "{B6AAFD9E-DBA2-45DE-8BE7-3AA175F03730}"
EndProject
Project("{888888A0-9F3D-457C-B088-3A5042F75D52}") = "7.3-TekstEditorP", "TekstEditorP\7.3-TekstEditorP.pyproj", "{A8554EEC-647C-4AB3-A631-AF6B1795CEFF}"
EndProject
Project("{9A19103F-16F7-4668-BE54-9A1E7A4F7556}") = "7.3-EncodingSpyC", "EncodingSpyC\7.3-EncodingSpyC.csproj", "{D2CBF722-2E0C-4EEE-AA14-6B8C4DBF79F8}"
EndProject
Project("{9A19103F-16F7-4668-BE54-9A1E7A4F7556}") = "7.4-ListDemoC", "ListDemoC\7.4-ListDemoC.csproj", "{E68AD555-E597-4058-AF25-21869BF3736E}"
EndProject
Project("{9A19103F-16F7-4668-BE54-9A1E7A4F7556}") = "7.4-CollectionDemoC", "CollectionDemoC\7.4-CollectionDemoC.csproj", "{71F98D34-2C7D-475B-9445-C125D6DF3F92}"
EndProject
Project("{9A19103F-16F7-4668-BE54-9A1E7A4F7556}") = "7.5-SchetsEditorC", "SchetsEditorC\7.5-SchetsEditorC.csproj", "{309CC162-8885-40A8-80F4-3465BE5F8CE4}"
EndProject
Project("{888888A0-9F3D-457C-B088-3A5042F75D52}") = "7.5-SchetsEditorP", "SchetsEditorP\7.5-SchetsEditorP.pyproj", "{AFE93536-019F-4420-B23C-1EAD82D331EA}"
EndProject
Project("{9A19103F-16F7-4668-BE54-9A1E7A4F7556}") = "8.1-GrepC", "GrepC\8.1-GrepC.csproj", "{13CA2378-3A2C-4639-A95C-B1AA674A593A}"
EndProject
Project("{888888A0-9F3D-457C-B088-3A5042F75D52}") = "8.1-GrepP", "GrepP\8.1-GrepP.pyproj", "{FA6D775F-C6FB-47F7-9B40-4F6BE343F33B}"
EndProject
Project("{9A19103F-16F7-4668-BE54-9A1E7A4F7556}") = "8.2-RouteZoekerC", "RouteZoekerC\8.2-RouteZoekerC.csproj", "{B7BB38CD-156C-415B-A661-DB1ECADC9122}"
EndProject
Project("{888888A0-9F3D-457C-B088-3A5042F75D52}") = "8.2-RouteZoekerP", "RouteZoekerP\8.2-RouteZoekerP.pyproj", "{88555C48-BED8-4545-BB50-4ED2BDA8F5A5}"
EndProject
Project("{9A19103F-16F7-4668-BE54-9A1E7A4F7556}") = "8.3-TaalherkenningC", "TaalherkenningC\8.3-TaalherkenningC.csproj", "{DCD3E139-A994-4E39-880B-18A9926ADF4B}"
EndProject
Project("{888888A0-9F3D-457C-B088-3A5042F75D52}") = "8.3-TaalherkenningP", "TaalherkenningP\8.3-TaalherkenningP.pyproj", "{35A2700C-1D04-47F6-8936-ED6162B4CC59}"
EndProject
Global
	GlobalSection(SolutionConfigurationPlatforms) = preSolution
		Debug|Any CPU = Debug|Any CPU
		Release|Any CPU = Release|Any CPU
	EndGlobalSection
	GlobalSection(ProjectConfigurationPlatforms) = postSolution
		{BD4C3DB5-38CC-4E33-8555-612F43918FD6}.Debug|Any CPU.ActiveCfg = Debug|Any CPU
		{BD4C3DB5-38CC-4E33-8555-612F43918FD6}.Debug|Any CPU.Build.0 = Debug|Any CPU
		{BD4C3DB5-38CC-4E33-8555-612F43918FD6}.Release|Any CPU.ActiveCfg = Release|Any CPU
		{BD4C3DB5-38CC-4E33-8555-612F43918FD6}.Release|Any CPU.Build.0 = Release|Any CPU
		{7D0E0298-4CEB-44BA-8A90-C3CA0A4096DC}.Debug|Any CPU.ActiveCfg = Debug|Any CPU
		{7D0E0298-4CEB-44BA-8A90-C3CA0A4096DC}.Release|Any CPU.ActiveCfg = Release|Any CPU
		{C78F54D2-94D4-4CC9-8692-C4A036D8CC84}.Debug|Any CPU.ActiveCfg = Debug|Any CPU
		{C78F54D2-94D4-4CC9-8692-C4A036D8CC84}.Debug|Any CPU.Build.0 = Debug|Any CPU
		{C78F54D2-94D4-4CC9-8692-C4A036D8CC84}.Release|Any CPU.ActiveCfg = Release|Any CPU
		{C78F54D2-94D4-4CC9-8692-C4A036D8CC84}.Release|Any CPU.Build.0 = Release|Any CPU
		{6830F3A6-5E2E-4B75-9E14-24F7B37F62AE}.Debug|Any CPU.ActiveCfg = Debug|Any CPU
		{6830F3A6-5E2E-4B75-9E14-24F7B37F62AE}.Release|Any CPU.ActiveCfg = Release|Any CPU
		{F792214A-BFF3-4BE4-92E7-9B311C6F6DD4}.Debug|Any CPU.ActiveCfg = Debug|Any CPU
		{F792214A-BFF3-4BE4-92E7-9B311C6F6DD4}.Debug|Any CPU.Build.0 = Debug|Any CPU
		{F792214A-BFF3-4BE4-92E7-9B311C6F6DD4}.Release|Any CPU.ActiveCfg = Release|Any CPU
		{F792214A-BFF3-4BE4-92E7-9B311C6F6DD4}.Release|Any CPU.Build.0 = Release|Any CPU
		{7E7B4E33-041F-4814-B85B-CC255F09DDFF}.Debug|Any CPU.ActiveCfg = Debug|Any CPU
		{7E7B4E33-041F-4814-B85B-CC255F09DDFF}.Release|Any CPU.ActiveCfg = Release|Any CPU
		{DC172531-BC03-4F4C-8D6C-1F1E53B9F467}.Debug|Any CPU.ActiveCfg = Debug|Any CPU
		{DC172531-BC03-4F4C-8D6C-1F1E53B9F467}.Debug|Any CPU.Build.0 = Debug|Any CPU
		{DC172531-BC03-4F4C-8D6C-1F1E53B9F467}.Release|Any CPU.ActiveCfg = Release|Any CPU
		{DC172531-BC03-4F4C-8D6C-1F1E53B9F467}.Release|Any CPU.Build.0 = Release|Any CPU
		{A6344479-04D9-418A-8C6F-B568CDBA165A}.Debug|Any CPU.ActiveCfg = Debug|Any CPU
		{A6344479-04D9-418A-8C6F-B568CDBA165A}.Release|Any CPU.ActiveCfg = Release|Any CPU
		{F53E98F6-46A3-40A0-947F-030AD13C65EE}.Debug|Any CPU.ActiveCfg = Debug|Any CPU
		{F53E98F6-46A3-40A0-947F-030AD13C65EE}.Debug|Any CPU.Build.0 = Debug|Any CPU
		{F53E98F6-46A3-40A0-947F-030AD13C65EE}.Release|Any CPU.ActiveCfg = Release|Any CPU
		{F53E98F6-46A3-40A0-947F-030AD13C65EE}.Release|Any CPU.Build.0 = Release|Any CPU
		{45ECAE3F-65F8-499A-9998-581562C617B7}.Debug|Any CPU.ActiveCfg = Debug|Any CPU
		{45ECAE3F-65F8-499A-9998-581562C617B7}.Release|Any CPU.ActiveCfg = Release|Any CPU
		{5420FEC4-3523-4079-AFC7-286A63983D3A}.Debug|Any CPU.ActiveCfg = Debug|Any CPU
		{5420FEC4-3523-4079-AFC7-286A63983D3A}.Debug|Any CPU.Build.0 = Debug|Any CPU
		{5420FEC4-3523-4079-AFC7-286A63983D3A}.Release|Any CPU.ActiveCfg = Release|Any CPU
		{5420FEC4-3523-4079-AFC7-286A63983D3A}.Release|Any CPU.Build.0 = Release|Any CPU
		{87934DC3-9BCE-4122-BD31-23B979E77130}.Debug|Any CPU.ActiveCfg = Debug|Any CPU
		{87934DC3-9BCE-4122-BD31-23B979E77130}.Release|Any CPU.ActiveCfg = Release|Any CPU
		{3D253475-6B13-4854-9000-F01C5B3DBB19}.Debug|Any CPU.ActiveCfg = Debug|Any CPU
		{3D253475-6B13-4854-9000-F01C5B3DBB19}.Debug|Any CPU.Build.0 = Debug|Any CPU
		{3D253475-6B13-4854-9000-F01C5B3DBB19}.Release|Any CPU.ActiveCfg = Release|Any CPU
		{3D253475-6B13-4854-9000-F01C5B3DBB19}.Release|Any CPU.Build.0 = Release|Any CPU
		{881987D4-3C6F-48A9-AEE5-3AE354772D64}.Debug|Any CPU.ActiveCfg = Debug|Any CPU
		{881987D4-3C6F-48A9-AEE5-3AE354772D64}.Release|Any CPU.ActiveCfg = Release|Any CPU
		{0B0F0143-5544-4A2A-8CF4-D2F7E5E14719}.Debug|Any CPU.ActiveCfg = Debug|Any CPU
		{0B0F0143-5544-4A2A-8CF4-D2F7E5E14719}.Debug|Any CPU.Build.0 = Debug|Any CPU
		{0B0F0143-5544-4A2A-8CF4-D2F7E5E14719}.Release|Any CPU.ActiveCfg = Release|Any CPU
		{0B0F0143-5544-4A2A-8CF4-D2F7E5E14719}.Release|Any CPU.Build.0 = Release|Any CPU
		{5671ED64-26F5-463B-A118-18959E5AECD0}.Debug|Any CPU.ActiveCfg = Debug|Any CPU
		{5671ED64-26F5-463B-A118-18959E5AECD0}.Release|Any CPU.ActiveCfg = Release|Any CPU
		{8AC51D53-98AA-4A7F-9E52-BB65BA16B6A8}.Debug|Any CPU.ActiveCfg = Debug|Any CPU
		{8AC51D53-98AA-4A7F-9E52-BB65BA16B6A8}.Debug|Any CPU.Build.0 = Debug|Any CPU
		{8AC51D53-98AA-4A7F-9E52-BB65BA16B6A8}.Release|Any CPU.ActiveCfg = Release|Any CPU
		{8AC51D53-98AA-4A7F-9E52-BB65BA16B6A8}.Release|Any CPU.Build.0 = Release|Any CPU
		{43EE6D6B-746E-476A-AA88-088E394679D9}.Debug|Any CPU.ActiveCfg = Debug|Any CPU
		{43EE6D6B-746E-476A-AA88-088E394679D9}.Release|Any CPU.ActiveCfg = Release|Any CPU
		{9067167C-187B-4CC7-AC5C-A638F1A11581}.Debug|Any CPU.ActiveCfg = Debug|Any CPU
		{9067167C-187B-4CC7-AC5C-A638F1A11581}.Debug|Any CPU.Build.0 = Debug|Any CPU
		{9067167C-187B-4CC7-AC5C-A638F1A11581}.Release|Any CPU.ActiveCfg = Release|Any CPU
		{9067167C-187B-4CC7-AC5C-A638F1A11581}.Release|Any CPU.Build.0 = Release|Any CPU
		{159BB6F9-8517-4257-89FB-22F99FE4A95E}.Debug|Any CPU.ActiveCfg = Debug|Any CPU
		{159BB6F9-8517-4257-89FB-22F99FE4A95E}.Debug|Any CPU.Build.0 = Debug|Any CPU
		{159BB6F9-8517-4257-89FB-22F99FE4A95E}.Release|Any CPU.ActiveCfg = Release|Any CPU
		{159BB6F9-8517-4257-89FB-22F99FE4A95E}.Release|Any CPU.Build.0 = Release|Any CPU
		{3A71B5F0-FEFD-40E9-A0E0-D4F28AB1A4FB}.Debug|Any CPU.ActiveCfg = Debug|Any CPU
		{3A71B5F0-FEFD-40E9-A0E0-D4F28AB1A4FB}.Release|Any CPU.ActiveCfg = Release|Any CPU
		{04F350E3-E761-4C81-ADF3-F1765898BE53}.Debug|Any CPU.ActiveCfg = Debug|Any CPU
		{04F350E3-E761-4C81-ADF3-F1765898BE53}.Debug|Any CPU.Build.0 = Debug|Any CPU
		{04F350E3-E761-4C81-ADF3-F1765898BE53}.Release|Any CPU.ActiveCfg = Release|Any CPU
		{04F350E3-E761-4C81-ADF3-F1765898BE53}.Release|Any CPU.Build.0 = Release|Any CPU
		{4332614E-FBFC-43C1-B9F3-74A0AB40986D}.Debug|Any CPU.ActiveCfg = Debug|Any CPU
		{4332614E-FBFC-43C1-B9F3-74A0AB40986D}.Release|Any CPU.ActiveCfg = Release|Any CPU
		{6A514BE7-B5AB-455C-9664-1D9BB71EDAC0}.Debug|Any CPU.ActiveCfg = Debug|Any CPU
		{6A514BE7-B5AB-455C-9664-1D9BB71EDAC0}.Debug|Any CPU.Build.0 = Debug|Any CPU
		{6A514BE7-B5AB-455C-9664-1D9BB71EDAC0}.Release|Any CPU.ActiveCfg = Release|Any CPU
		{6A514BE7-B5AB-455C-9664-1D9BB71EDAC0}.Release|Any CPU.Build.0 = Release|Any CPU
		{CBDDD1AD-5F7F-4293-B237-2F07BBA0E16B}.Debug|Any CPU.ActiveCfg = Debug|Any CPU
		{CBDDD1AD-5F7F-4293-B237-2F07BBA0E16B}.Release|Any CPU.ActiveCfg = Release|Any CPU
		{4F146F0D-FB42-4DA0-8CBF-D6C8AB8FAC9D}.Debug|Any CPU.ActiveCfg = Debug|Any CPU
		{4F146F0D-FB42-4DA0-8CBF-D6C8AB8FAC9D}.Debug|Any CPU.Build.0 = Debug|Any CPU
		{4F146F0D-FB42-4DA0-8CBF-D6C8AB8FAC9D}.Release|Any CPU.ActiveCfg = Release|Any CPU
		{4F146F0D-FB42-4DA0-8CBF-D6C8AB8FAC9D}.Release|Any CPU.Build.0 = Release|Any CPU
		{F2868354-89AE-4DD9-BE2B-B1AC3E8B09FF}.Debug|Any CPU.ActiveCfg = Debug|Any CPU
		{F2868354-89AE-4DD9-BE2B-B1AC3E8B09FF}.Release|Any CPU.ActiveCfg = Release|Any CPU
		{64513A63-8274-480A-94C7-D386610F8EF0}.Debug|Any CPU.ActiveCfg = Debug|Any CPU
		{64513A63-8274-480A-94C7-D386610F8EF0}.Debug|Any CPU.Build.0 = Debug|Any CPU
		{64513A63-8274-480A-94C7-D386610F8EF0}.Release|Any CPU.ActiveCfg = Release|Any CPU
		{64513A63-8274-480A-94C7-D386610F8EF0}.Release|Any CPU.Build.0 = Release|Any CPU
		{C5D548D2-8410-4293-8C94-A7E2392E35CF}.Debug|Any CPU.ActiveCfg = Debug|Any CPU
		{C5D548D2-8410-4293-8C94-A7E2392E35CF}.Release|Any CPU.ActiveCfg = Release|Any CPU
		{64026AC2-AEB5-4766-AC27-18CD973676D0}.Debug|Any CPU.ActiveCfg = Debug|Any CPU
		{64026AC2-AEB5-4766-AC27-18CD973676D0}.Debug|Any CPU.Build.0 = Debug|Any CPU
		{64026AC2-AEB5-4766-AC27-18CD973676D0}.Release|Any CPU.ActiveCfg = Release|Any CPU
		{64026AC2-AEB5-4766-AC27-18CD973676D0}.Release|Any CPU.Build.0 = Release|Any CPU
		{F5902BC6-96C8-45DF-AD39-87ABF385C562}.Debug|Any CPU.ActiveCfg = Debug|Any CPU
		{F5902BC6-96C8-45DF-AD39-87ABF385C562}.Release|Any CPU.ActiveCfg = Release|Any CPU
		{A8B6EC35-3B4C-4C68-97A1-0DD09BD13A9A}.Debug|Any CPU.ActiveCfg = Debug|Any CPU
		{A8B6EC35-3B4C-4C68-97A1-0DD09BD13A9A}.Debug|Any CPU.Build.0 = Debug|Any CPU
		{A8B6EC35-3B4C-4C68-97A1-0DD09BD13A9A}.Release|Any CPU.ActiveCfg = Release|Any CPU
		{A8B6EC35-3B4C-4C68-97A1-0DD09BD13A9A}.Release|Any CPU.Build.0 = Release|Any CPU
		{8D892B54-E317-4A18-A809-1019A4ECDB42}.Debug|Any CPU.ActiveCfg = Debug|Any CPU
		{8D892B54-E317-4A18-A809-1019A4ECDB42}.Debug|Any CPU.Build.0 = Debug|Any CPU
		{8D892B54-E317-4A18-A809-1019A4ECDB42}.Release|Any CPU.ActiveCfg = Release|Any CPU
		{8D892B54-E317-4A18-A809-1019A4ECDB42}.Release|Any CPU.Build.0 = Release|Any CPU
		{D46202B7-FAB3-4CFE-BE6F-538F3221BD5B}.Debug|Any CPU.ActiveCfg = Debug|Any CPU
		{D46202B7-FAB3-4CFE-BE6F-538F3221BD5B}.Release|Any CPU.ActiveCfg = Release|Any CPU
		{8E085088-FEBE-4A21-B6BC-8BAF44C9B0A4}.Debug|Any CPU.ActiveCfg = Debug|Any CPU
		{8E085088-FEBE-4A21-B6BC-8BAF44C9B0A4}.Debug|Any CPU.Build.0 = Debug|Any CPU
		{8E085088-FEBE-4A21-B6BC-8BAF44C9B0A4}.Release|Any CPU.ActiveCfg = Release|Any CPU
		{8E085088-FEBE-4A21-B6BC-8BAF44C9B0A4}.Release|Any CPU.Build.0 = Release|Any CPU
		{82F185E7-74DA-4D59-91C1-A6133D1EE197}.Debug|Any CPU.ActiveCfg = Debug|Any CPU
		{82F185E7-74DA-4D59-91C1-A6133D1EE197}.Release|Any CPU.ActiveCfg = Release|Any CPU
		{5342DCB4-C0C7-418E-926B-200359600E84}.Debug|Any CPU.ActiveCfg = Debug|Any CPU
		{5342DCB4-C0C7-418E-926B-200359600E84}.Debug|Any CPU.Build.0 = Debug|Any CPU
		{5342DCB4-C0C7-418E-926B-200359600E84}.Release|Any CPU.ActiveCfg = Release|Any CPU
		{5342DCB4-C0C7-418E-926B-200359600E84}.Release|Any CPU.Build.0 = Release|Any CPU
		{1B85449C-C39C-4B62-A5F9-7F48DA53F906}.Debug|Any CPU.ActiveCfg = Debug|Any CPU
		{1B85449C-C39C-4B62-A5F9-7F48DA53F906}.Release|Any CPU.ActiveCfg = Release|Any CPU
		{472D6B4E-59B7-4057-869A-72093C8DFC9B}.Debug|Any CPU.ActiveCfg = Debug|Any CPU
		{472D6B4E-59B7-4057-869A-72093C8DFC9B}.Debug|Any CPU.Build.0 = Debug|Any CPU
		{472D6B4E-59B7-4057-869A-72093C8DFC9B}.Release|Any CPU.ActiveCfg = Release|Any CPU
		{472D6B4E-59B7-4057-869A-72093C8DFC9B}.Release|Any CPU.Build.0 = Release|Any CPU
		{F34D6F9F-D3AE-49C7-96C8-6210F8380651}.Debug|Any CPU.ActiveCfg = Debug|Any CPU
		{F34D6F9F-D3AE-49C7-96C8-6210F8380651}.Release|Any CPU.ActiveCfg = Release|Any CPU
		{720849C9-2B50-4DB8-ACFA-BE5651BC1164}.Debug|Any CPU.ActiveCfg = Debug|Any CPU
		{720849C9-2B50-4DB8-ACFA-BE5651BC1164}.Debug|Any CPU.Build.0 = Debug|Any CPU
		{720849C9-2B50-4DB8-ACFA-BE5651BC1164}.Release|Any CPU.ActiveCfg = Release|Any CPU
		{720849C9-2B50-4DB8-ACFA-BE5651BC1164}.Release|Any CPU.Build.0 = Release|Any CPU
		{DC05AEC5-6983-4825-95F6-DA8A9EB07E69}.Debug|Any CPU.ActiveCfg = Debug|Any CPU
		{DC05AEC5-6983-4825-95F6-DA8A9EB07E69}.Release|Any CPU.ActiveCfg = Release|Any CPU
		{77F106F3-DC71-4C1A-AD12-61DB2783090E}.Debug|Any CPU.ActiveCfg = Debug|Any CPU
		{77F106F3-DC71-4C1A-AD12-61DB2783090E}.Debug|Any CPU.Build.0 = Debug|Any CPU
		{77F106F3-DC71-4C1A-AD12-61DB2783090E}.Release|Any CPU.ActiveCfg = Release|Any CPU
		{77F106F3-DC71-4C1A-AD12-61DB2783090E}.Release|Any CPU.Build.0 = Release|Any CPU
		{C990A50D-8F4A-40C6-9E4D-D7DD061CC22E}.Debug|Any CPU.ActiveCfg = Debug|Any CPU
		{C990A50D-8F4A-40C6-9E4D-D7DD061CC22E}.Release|Any CPU.ActiveCfg = Release|Any CPU
		{E5F3A757-9405-4714-9EE0-657000612F7E}.Debug|Any CPU.ActiveCfg = Debug|Any CPU
		{E5F3A757-9405-4714-9EE0-657000612F7E}.Debug|Any CPU.Build.0 = Debug|Any CPU
		{E5F3A757-9405-4714-9EE0-657000612F7E}.Release|Any CPU.ActiveCfg = Release|Any CPU
		{E5F3A757-9405-4714-9EE0-657000612F7E}.Release|Any CPU.Build.0 = Release|Any CPU
		{48070494-6328-4384-849D-1726F741A1F6}.Debug|Any CPU.ActiveCfg = Debug|Any CPU
		{48070494-6328-4384-849D-1726F741A1F6}.Release|Any CPU.ActiveCfg = Release|Any CPU
		{EDBF63F3-8B84-4047-AD23-ACB12349EB07}.Debug|Any CPU.ActiveCfg = Debug|Any CPU
		{EDBF63F3-8B84-4047-AD23-ACB12349EB07}.Debug|Any CPU.Build.0 = Debug|Any CPU
		{EDBF63F3-8B84-4047-AD23-ACB12349EB07}.Release|Any CPU.ActiveCfg = Release|Any CPU
		{EDBF63F3-8B84-4047-AD23-ACB12349EB07}.Release|Any CPU.Build.0 = Release|Any CPU
		{2A0C1552-9A91-4E79-A63F-141BCB05E11B}.Debug|Any CPU.ActiveCfg = Debug|Any CPU
		{2A0C1552-9A91-4E79-A63F-141BCB05E11B}.Debug|Any CPU.Build.0 = Debug|Any CPU
		{2A0C1552-9A91-4E79-A63F-141BCB05E11B}.Release|Any CPU.ActiveCfg = Release|Any CPU
		{2A0C1552-9A91-4E79-A63F-141BCB05E11B}.Release|Any CPU.Build.0 = Release|Any CPU
		{B6AAFD9E-DBA2-45DE-8BE7-3AA175F03730}.Debug|Any CPU.ActiveCfg = Debug|Any CPU
		{B6AAFD9E-DBA2-45DE-8BE7-3AA175F03730}.Debug|Any CPU.Build.0 = Debug|Any CPU
		{B6AAFD9E-DBA2-45DE-8BE7-3AA175F03730}.Release|Any CPU.ActiveCfg = Release|Any CPU
		{B6AAFD9E-DBA2-45DE-8BE7-3AA175F03730}.Release|Any CPU.Build.0 = Release|Any CPU
		{D2CBF722-2E0C-4EEE-AA14-6B8C4DBF79F8}.Debug|Any CPU.ActiveCfg = Debug|Any CPU
		{D2CBF722-2E0C-4EEE-AA14-6B8C4DBF79F8}.Debug|Any CPU.Build.0 = Debug|Any CPU
		{D2CBF722-2E0C-4EEE-AA14-6B8C4DBF79F8}.Release|Any CPU.ActiveCfg = Release|Any CPU
		{D2CBF722-2E0C-4EEE-AA14-6B8C4DBF79F8}.Release|Any CPU.Build.0 = Release|Any CPU
		{E68AD555-E597-4058-AF25-21869BF3736E}.Debug|Any CPU.ActiveCfg = Debug|Any CPU
		{E68AD555-E597-4058-AF25-21869BF3736E}.Debug|Any CPU.Build.0 = Debug|Any CPU
		{E68AD555-E597-4058-AF25-21869BF3736E}.Release|Any CPU.ActiveCfg = Release|Any CPU
		{E68AD555-E597-4058-AF25-21869BF3736E}.Release|Any CPU.Build.0 = Release|Any CPU
		{71F98D34-2C7D-475B-9445-C125D6DF3F92}.Debug|Any CPU.ActiveCfg = Debug|Any CPU
		{71F98D34-2C7D-475B-9445-C125D6DF3F92}.Debug|Any CPU.Build.0 = Debug|Any CPU
		{71F98D34-2C7D-475B-9445-C125D6DF3F92}.Release|Any CPU.ActiveCfg = Release|Any CPU
		{71F98D34-2C7D-475B-9445-C125D6DF3F92}.Release|Any CPU.Build.0 = Release|Any CPU
		{309CC162-8885-40A8-80F4-3465BE5F8CE4}.Debug|Any CPU.ActiveCfg = Debug|Any CPU
		{309CC162-8885-40A8-80F4-3465BE5F8CE4}.Debug|Any CPU.Build.0 = Debug|Any CPU
		{309CC162-8885-40A8-80F4-3465BE5F8CE4}.Release|Any CPU.ActiveCfg = Release|Any CPU
		{309CC162-8885-40A8-80F4-3465BE5F8CE4}.Release|Any CPU.Build.0 = Release|Any CPU
		{13CA2378-3A2C-4639-A95C-B1AA674A593A}.Debug|Any CPU.ActiveCfg = Debug|Any CPU
		{13CA2378-3A2C-4639-A95C-B1AA674A593A}.Debug|Any CPU.Build.0 = Debug|Any CPU
		{13CA2378-3A2C-4639-A95C-B1AA674A593A}.Release|Any CPU.ActiveCfg = Release|Any CPU
		{13CA2378-3A2C-4639-A95C-B1AA674A593A}.Release|Any CPU.Build.0 = Release|Any CPU
		{B7BB38CD-156C-415B-A661-DB1ECADC9122}.Debug|Any CPU.ActiveCfg = Debug|Any CPU
		{B7BB38CD-156C-415B-A661-DB1ECADC9122}.Debug|Any CPU.Build.0 = Debug|Any CPU
		{B7BB38CD-156C-415B-A661-DB1ECADC9122}.Release|Any CPU.ActiveCfg = Release|Any CPU
		{B7BB38CD-156C-415B-A661-DB1ECADC9122}.Release|Any CPU.Build.0 = Release|Any CPU
		{DCD3E139-A994-4E39-880B-18A9926ADF4B}.Debug|Any CPU.ActiveCfg = Debug|Any CPU
		{DCD3E139-A994-4E39-880B-18A9926ADF4B}.Debug|Any CPU.Build.0 = Debug|Any CPU
		{DCD3E139-A994-4E39-880B-18A9926ADF4B}.Release|Any CPU.ActiveCfg = Release|Any CPU
		{DCD3E139-A994-4E39-880B-18A9926ADF4B}.Release|Any CPU.Build.0 = Release|Any CPU
		{51111EA7-3924-4D94-86E8-9721B183F57F}.Debug|Any CPU.ActiveCfg = Debug|Any CPU
		{51111EA7-3924-4D94-86E8-9721B183F57F}.Release|Any CPU.ActiveCfg = Release|Any CPU
		{DA0527C8-621A-4EFA-AF90-D725610A73C0}.Debug|Any CPU.ActiveCfg = Debug|Any CPU
		{DA0527C8-621A-4EFA-AF90-D725610A73C0}.Release|Any CPU.ActiveCfg = Release|Any CPU
		{A8554EEC-647C-4AB3-A631-AF6B1795CEFF}.Debug|Any CPU.ActiveCfg = Debug|Any CPU
		{A8554EEC-647C-4AB3-A631-AF6B1795CEFF}.Release|Any CPU.ActiveCfg = Release|Any CPU
		{AFE93536-019F-4420-B23C-1EAD82D331EA}.Debug|Any CPU.ActiveCfg = Debug|Any CPU
		{AFE93536-019F-4420-B23C-1EAD82D331EA}.Release|Any CPU.ActiveCfg = Release|Any CPU
		{88555C48-BED8-4545-BB50-4ED2BDA8F5A5}.Debug|Any CPU.ActiveCfg = Debug|Any CPU
		{88555C48-BED8-4545-BB50-4ED2BDA8F5A5}.Release|Any CPU.ActiveCfg = Release|Any CPU
		{FA6D775F-C6FB-47F7-9B40-4F6BE343F33B}.Debug|Any CPU.ActiveCfg = Debug|Any CPU
		{FA6D775F-C6FB-47F7-9B40-4F6BE343F33B}.Release|Any CPU.ActiveCfg = Release|Any CPU
		{35A2700C-1D04-47F6-8936-ED6162B4CC59}.Debug|Any CPU.ActiveCfg = Debug|Any CPU
		{35A2700C-1D04-47F6-8936-ED6162B4CC59}.Release|Any CPU.ActiveCfg = Release|Any CPU
	EndGlobalSection
	GlobalSection(SolutionProperties) = preSolution
		HideSolutionNode = FALSE
	EndGlobalSection
	GlobalSection(ExtensibilityGlobals) = postSolution
		SolutionGuid = {1FC77D1B-D01C-4FC2-BA99-B45F1593E8AE}
	EndGlobalSection
EndGlobal
